Microsoft Visual Studio Solution File, Format Version 11.00
# Visual Studio 2008

Project("{E7EBE58E-D8B2-DF4A-621E-990AA7FE91D9}") = "Oculus Music Visualizer", "Assembly-CSharp.csproj", "{5920D5A3-BEFE-76F9-7970-325B348FEC00}"
EndProject
Project("{E7EBE58E-D8B2-DF4A-621E-990AA7FE91D9}") = "Oculus Music Visualizer", "Assembly-CSharp-Editor.csproj", "{F19F0B10-B437-E59A-B907-1782F5D45C96}"
EndProject
Project("{E7EBE58E-D8B2-DF4A-621E-990AA7FE91D9}") = "Oculus Music Visualizer", "Assembly-UnityScript.unityproj", "{BB464F44-59C8-8AE1-B479-6F8B07498986}"
EndProject
Global
	GlobalSection(SolutionConfigurationPlatforms) = preSolution
		Debug|Any CPU = Debug|Any CPU
		Release|Any CPU = Release|Any CPU
	EndGlobalSection
	GlobalSection(ProjectConfigurationPlatforms) = postSolution
		{5920D5A3-BEFE-76F9-7970-325B348FEC00}.Debug|Any CPU.ActiveCfg = Debug|Any CPU
		{5920D5A3-BEFE-76F9-7970-325B348FEC00}.Debug|Any CPU.Build.0 = Debug|Any CPU
		{5920D5A3-BEFE-76F9-7970-325B348FEC00}.Release|Any CPU.ActiveCfg = Release|Any CPU
		{5920D5A3-BEFE-76F9-7970-325B348FEC00}.Release|Any CPU.Build.0 = Release|Any CPU
		{F19F0B10-B437-E59A-B907-1782F5D45C96}.Debug|Any CPU.ActiveCfg = Debug|Any CPU
		{F19F0B10-B437-E59A-B907-1782F5D45C96}.Debug|Any CPU.Build.0 = Debug|Any CPU
		{F19F0B10-B437-E59A-B907-1782F5D45C96}.Release|Any CPU.ActiveCfg = Release|Any CPU
		{F19F0B10-B437-E59A-B907-1782F5D45C96}.Release|Any CPU.Build.0 = Release|Any CPU
		{BB464F44-59C8-8AE1-B479-6F8B07498986}.Debug|Any CPU.ActiveCfg = Debug|Any CPU
		{BB464F44-59C8-8AE1-B479-6F8B07498986}.Debug|Any CPU.Build.0 = Debug|Any CPU
		{BB464F44-59C8-8AE1-B479-6F8B07498986}.Release|Any CPU.ActiveCfg = Release|Any CPU
		{BB464F44-59C8-8AE1-B479-6F8B07498986}.Release|Any CPU.Build.0 = Release|Any CPU
	EndGlobalSection
	GlobalSection(SolutionProperties) = preSolution
		HideSolutionNode = FALSE
	EndGlobalSection
																												GlobalSection(MonoDevelopProperties) = preSolution
		StartupItem = Assembly-CSharp.csproj
		Policies = $0
		$0.TextStylePolicy = $1
		$1.inheritsSet = null
		$1.scope = text/x-csharp
		$0.CSharpFormattingPolicy = $2
		$2.inheritsSet = Mono
		$2.inheritsScope = text/x-csharp
		$2.scope = text/x-csharp
		$0.TextStylePolicy = $3
		$3.FileWidth = 120
		$3.TabWidth = 4
		$3.IndentWidth = 4
		$3.EolMarker = Unix
		$3.inheritsSet = Mono
		$3.inheritsScope = text/plain
		$3.scope = text/plain
	EndGlobalSection

EndGlobal
